{
    "inputs": {
        "nixpkgs": {
            "inputs": {},
            "narHash": "sha256-SohZwmA2BWjpxZEK3tWUFUbAnX/3CIg9Ci744M9hXvs=",
            "originalUrl": "nixpkgs",
            "url": "github:edolstra/nixpkgs/4a4e14660013325ed796b27b917522a93988141a"
        }
    },
    "version": 3
}
