{
    "inputs": {
        "nixpkgs": {
            "id": "nixpkgs",
            "inputs": {},
            "narHash": "sha256-NTA78FITD+5w7ib0TIOLcI+cAfsFIJ7MZcAa9VjprvI=",
            "nonFlakeInputs": {},
            "uri": "github:edolstra/nixpkgs/88cb6ebcafadce7e0cfc6b48d2dffd7271dac38d"
        }
    },
    "nonFlakeInputs": {},
    "version": 2
}
