{
  "nodes": {
    "nixpkgs": {
      "info": {
        "lastModified": 1585841827,
        "narHash": "sha256-atERXF6i0uOzPVpI+rvoVhay0gCuvb0gXpw2aK/A5wI="
      },
      "locked": {
        "owner": "NixOS",
        "repo": "nixpkgs",
        "rev": "c8baff29a4d52693c6dec89bf4a549c40c85e11e",
        "type": "github"
      },
      "original": {
        "id": "nixpkgs",
        "ref": "release-20.03",
        "type": "indirect"
      }
    },
    "root": {
      "inputs": {
        "nixpkgs": "nixpkgs"
      }
    }
  },
  "root": "root",
  "version": 5
}
